
Microsoft Visual Studio Solution File, Format Version 12.00
# Visual Studio Version 17
VisualStudioVersion = 17.9.34902.65
MinimumVisualStudioVersion = 10.0.40219.1
Project("{9A19103F-16F7-4668-BE54-9A1E7A4F7556}") = "UsingSaga.WebApi", "UsingSaga.WebApi\UsingSaga.WebApi.csproj", "{44E8C9F1-52C9-4021-81F7-75128689F7AE}"
EndProject
Project("{9A19103F-16F7-4668-BE54-9A1E7A4F7556}") = "UsingSaga.Domain", "UsingSaga.Domain\UsingSaga.Domain.csproj", "{E561910C-CC9E-4202-9A4C-EB6572D8A775}"
EndProject
Project("{9A19103F-16F7-4668-BE54-9A1E7A4F7556}") = "UsingSaga.Infra.Bus", "UsingSaga.Infra.Bus\UsingSaga.Infra.Bus.csproj", "{5AC129FE-D177-4BC6-935C-291F4E7E2C26}"
EndProject
Project("{9A19103F-16F7-4668-BE54-9A1E7A4F7556}") = "UsingSaga.Worker", "UsingSaga.Worker\UsingSaga.Worker.csproj", "{5D0FB5E1-F9BA-4CA1-B088-D30C48C40826}"
EndProject
Project("{FAE04EC0-301F-11D3-BF4B-00C04F79EFBC}") = "UsingSaga.Model", "UsingSaga.Model\UsingSaga.Model.csproj", "{0330EB9E-8C0E-4A8C-9CB5-C985BA90B36E}"
EndProject
Global
	GlobalSection(SolutionConfigurationPlatforms) = preSolution
		Debug|Any CPU = Debug|Any CPU
		Release|Any CPU = Release|Any CPU
	EndGlobalSection
	GlobalSection(ProjectConfigurationPlatforms) = postSolution
		{44E8C9F1-52C9-4021-81F7-75128689F7AE}.Debug|Any CPU.ActiveCfg = Debug|Any CPU
		{44E8C9F1-52C9-4021-81F7-75128689F7AE}.Debug|Any CPU.Build.0 = Debug|Any CPU
		{44E8C9F1-52C9-4021-81F7-75128689F7AE}.Release|Any CPU.ActiveCfg = Release|Any CPU
		{44E8C9F1-52C9-4021-81F7-75128689F7AE}.Release|Any CPU.Build.0 = Release|Any CPU
		{E561910C-CC9E-4202-9A4C-EB6572D8A775}.Debug|Any CPU.ActiveCfg = Debug|Any CPU
		{E561910C-CC9E-4202-9A4C-EB6572D8A775}.Debug|Any CPU.Build.0 = Debug|Any CPU
		{E561910C-CC9E-4202-9A4C-EB6572D8A775}.Release|Any CPU.ActiveCfg = Release|Any CPU
		{E561910C-CC9E-4202-9A4C-EB6572D8A775}.Release|Any CPU.Build.0 = Release|Any CPU
		{5AC129FE-D177-4BC6-935C-291F4E7E2C26}.Debug|Any CPU.ActiveCfg = Debug|Any CPU
		{5AC129FE-D177-4BC6-935C-291F4E7E2C26}.Debug|Any CPU.Build.0 = Debug|Any CPU
		{5AC129FE-D177-4BC6-935C-291F4E7E2C26}.Release|Any CPU.ActiveCfg = Release|Any CPU
		{5AC129FE-D177-4BC6-935C-291F4E7E2C26}.Release|Any CPU.Build.0 = Release|Any CPU
		{5D0FB5E1-F9BA-4CA1-B088-D30C48C40826}.Debug|Any CPU.ActiveCfg = Debug|Any CPU
		{5D0FB5E1-F9BA-4CA1-B088-D30C48C40826}.Debug|Any CPU.Build.0 = Debug|Any CPU
		{5D0FB5E1-F9BA-4CA1-B088-D30C48C40826}.Release|Any CPU.ActiveCfg = Release|Any CPU
		{5D0FB5E1-F9BA-4CA1-B088-D30C48C40826}.Release|Any CPU.Build.0 = Release|Any CPU
		{0330EB9E-8C0E-4A8C-9CB5-C985BA90B36E}.Debug|Any CPU.ActiveCfg = Debug|Any CPU
		{0330EB9E-8C0E-4A8C-9CB5-C985BA90B36E}.Debug|Any CPU.Build.0 = Debug|Any CPU
		{0330EB9E-8C0E-4A8C-9CB5-C985BA90B36E}.Release|Any CPU.ActiveCfg = Release|Any CPU
		{0330EB9E-8C0E-4A8C-9CB5-C985BA90B36E}.Release|Any CPU.Build.0 = Release|Any CPU
	EndGlobalSection
	GlobalSection(SolutionProperties) = preSolution
		HideSolutionNode = FALSE
	EndGlobalSection
	GlobalSection(ExtensibilityGlobals) = postSolution
		SolutionGuid = {335DE82F-6337-4BD7-810D-A23FB5C74C33}
	EndGlobalSection
EndGlobal
